
Microsoft Visual Studio Solution File, Format Version 12.00
# Visual Studio 15
VisualStudioVersion = 15.0.27004.2010
MinimumVisualStudioVersion = 10.0.40219.1
Project("{FAE04EC0-301F-11D3-BF4B-00C04F79EFBC}") = "1", "1\1.csproj", "{2CCABF6B-4C73-4E3C-9A97-471C1D219510}"
EndProject
Global
	GlobalSection(SolutionConfigurationPlatforms) = preSolution
		Debug|Any CPU = Debug|Any CPU
		Release|Any CPU = Release|Any CPU
	EndGlobalSection
	GlobalSection(ProjectConfigurationPlatforms) = postSolution
		{2CCABF6B-4C73-4E3C-9A97-471C1D219510}.Debug|Any CPU.ActiveCfg = Debug|Any CPU
		{2CCABF6B-4C73-4E3C-9A97-471C1D219510}.Debug|Any CPU.Build.0 = Debug|Any CPU
		{2CCABF6B-4C73-4E3C-9A97-471C1D219510}.Release|Any CPU.ActiveCfg = Release|Any CPU
		{2CCABF6B-4C73-4E3C-9A97-471C1D219510}.Release|Any CPU.Build.0 = Release|Any CPU
	EndGlobalSection
	GlobalSection(SolutionProperties) = preSolution
		HideSolutionNode = FALSE
	EndGlobalSection
	GlobalSection(ExtensibilityGlobals) = postSolution
		SolutionGuid = {2516E9E7-B808-479B-8EF2-170FB1F238F9}
	EndGlobalSection
EndGlobal
